
Microsoft Visual Studio Solution File, Format Version 12.00
# Visual Studio Version 16
VisualStudioVersion = 16.0.29418.71
MinimumVisualStudioVersion = 10.0.40219.1
Project("{FAE04EC0-301F-11D3-BF4B-00C04F79EFBC}") = "ProjetoFinal", "ProjetoFinal\ProjetoFinal.csproj", "{3CF9F3F8-8905-4B6E-988F-D1702B736D57}"
EndProject
Project("{FAE04EC0-301F-11D3-BF4B-00C04F79EFBC}") = "SiteProjetoFInal", "SiteProjetoFInal\SiteProjetoFInal.csproj", "{DBC33174-5DA9-4442-80A2-2E0CD211C40C}"
EndProject
Global
	GlobalSection(SolutionConfigurationPlatforms) = preSolution
		Debug|Any CPU = Debug|Any CPU
		Release|Any CPU = Release|Any CPU
	EndGlobalSection
	GlobalSection(ProjectConfigurationPlatforms) = postSolution
		{3CF9F3F8-8905-4B6E-988F-D1702B736D57}.Debug|Any CPU.ActiveCfg = Debug|Any CPU
		{3CF9F3F8-8905-4B6E-988F-D1702B736D57}.Debug|Any CPU.Build.0 = Debug|Any CPU
		{3CF9F3F8-8905-4B6E-988F-D1702B736D57}.Release|Any CPU.ActiveCfg = Release|Any CPU
		{3CF9F3F8-8905-4B6E-988F-D1702B736D57}.Release|Any CPU.Build.0 = Release|Any CPU
		{DBC33174-5DA9-4442-80A2-2E0CD211C40C}.Debug|Any CPU.ActiveCfg = Debug|Any CPU
		{DBC33174-5DA9-4442-80A2-2E0CD211C40C}.Debug|Any CPU.Build.0 = Debug|Any CPU
		{DBC33174-5DA9-4442-80A2-2E0CD211C40C}.Release|Any CPU.ActiveCfg = Release|Any CPU
		{DBC33174-5DA9-4442-80A2-2E0CD211C40C}.Release|Any CPU.Build.0 = Release|Any CPU
	EndGlobalSection
	GlobalSection(SolutionProperties) = preSolution
		HideSolutionNode = FALSE
	EndGlobalSection
	GlobalSection(ExtensibilityGlobals) = postSolution
		SolutionGuid = {A36A76B9-A7D5-4850-A7E4-35176E3562AE}
	EndGlobalSection
EndGlobal
