
Microsoft Visual Studio Solution File, Format Version 12.00
# Visual Studio Version 16
VisualStudioVersion = 16.0.29102.190
MinimumVisualStudioVersion = 10.0.40219.1
Project("{FAE04EC0-301F-11D3-BF4B-00C04F79EFBC}") = "MinhaPrimeiraClass", "MinhaPrimeiraClass\MinhaPrimeiraClass.csproj", "{19BD6C01-5F42-4097-9F73-7BFEBB6DC324}"
EndProject
Project("{FAE04EC0-301F-11D3-BF4B-00C04F79EFBC}") = "MinhaSegundaClasse", "MinhaSegundaClasse\MinhaSegundaClasse.csproj", "{0404C71B-500E-43CD-8F7C-3D4F56FEAEBA}"
EndProject
Global
	GlobalSection(SolutionConfigurationPlatforms) = preSolution
		Debug|Any CPU = Debug|Any CPU
		Release|Any CPU = Release|Any CPU
	EndGlobalSection
	GlobalSection(ProjectConfigurationPlatforms) = postSolution
		{19BD6C01-5F42-4097-9F73-7BFEBB6DC324}.Debug|Any CPU.ActiveCfg = Debug|Any CPU
		{19BD6C01-5F42-4097-9F73-7BFEBB6DC324}.Debug|Any CPU.Build.0 = Debug|Any CPU
		{19BD6C01-5F42-4097-9F73-7BFEBB6DC324}.Release|Any CPU.ActiveCfg = Release|Any CPU
		{19BD6C01-5F42-4097-9F73-7BFEBB6DC324}.Release|Any CPU.Build.0 = Release|Any CPU
		{0404C71B-500E-43CD-8F7C-3D4F56FEAEBA}.Debug|Any CPU.ActiveCfg = Debug|Any CPU
		{0404C71B-500E-43CD-8F7C-3D4F56FEAEBA}.Debug|Any CPU.Build.0 = Debug|Any CPU
		{0404C71B-500E-43CD-8F7C-3D4F56FEAEBA}.Release|Any CPU.ActiveCfg = Release|Any CPU
		{0404C71B-500E-43CD-8F7C-3D4F56FEAEBA}.Release|Any CPU.Build.0 = Release|Any CPU
	EndGlobalSection
	GlobalSection(SolutionProperties) = preSolution
		HideSolutionNode = FALSE
	EndGlobalSection
	GlobalSection(ExtensibilityGlobals) = postSolution
		SolutionGuid = {332966AB-7D2F-4315-AF24-9C330EF8B7B5}
	EndGlobalSection
EndGlobal
