
Microsoft Visual Studio Solution File, Format Version 12.00
# Visual Studio Version 16
VisualStudioVersion = 16.0.29102.190
MinimumVisualStudioVersion = 10.0.40219.1
Project("{FAE04EC0-301F-11D3-BF4B-00C04F79EFBC}") = "DoBancoAoEntity", "DoBancoAoEntity\DoBancoAoEntity.csproj", "{BA80079E-A464-49CB-B741-6D5847642C7B}"
EndProject
Global
	GlobalSection(SolutionConfigurationPlatforms) = preSolution
		Debug|Any CPU = Debug|Any CPU
		Release|Any CPU = Release|Any CPU
	EndGlobalSection
	GlobalSection(ProjectConfigurationPlatforms) = postSolution
		{BA80079E-A464-49CB-B741-6D5847642C7B}.Debug|Any CPU.ActiveCfg = Debug|Any CPU
		{BA80079E-A464-49CB-B741-6D5847642C7B}.Debug|Any CPU.Build.0 = Debug|Any CPU
		{BA80079E-A464-49CB-B741-6D5847642C7B}.Release|Any CPU.ActiveCfg = Release|Any CPU
		{BA80079E-A464-49CB-B741-6D5847642C7B}.Release|Any CPU.Build.0 = Release|Any CPU
	EndGlobalSection
	GlobalSection(SolutionProperties) = preSolution
		HideSolutionNode = FALSE
	EndGlobalSection
	GlobalSection(ExtensibilityGlobals) = postSolution
		SolutionGuid = {2DB277EB-5EEF-42B3-AD6E-6FD2E1BD674B}
	EndGlobalSection
EndGlobal
