
Microsoft Visual Studio Solution File, Format Version 12.00
# Visual Studio Version 16
VisualStudioVersion = 16.0.29102.190
MinimumVisualStudioVersion = 10.0.40219.1
Project("{FAE04EC0-301F-11D3-BF4B-00C04F79EFBC}") = "RevisandoEntity", "RevisandoEntity\RevisandoEntity.csproj", "{84C262DD-96B1-46F1-99B0-9CDEC135E61D}"
EndProject
Project("{FAE04EC0-301F-11D3-BF4B-00C04F79EFBC}") = "AplicacaoVisual", "AplicacaoVisual\AplicacaoVisual.csproj", "{945038D5-6C98-487F-B8F3-45BE49C53478}"
EndProject
Global
	GlobalSection(SolutionConfigurationPlatforms) = preSolution
		Debug|Any CPU = Debug|Any CPU
		Release|Any CPU = Release|Any CPU
	EndGlobalSection
	GlobalSection(ProjectConfigurationPlatforms) = postSolution
		{84C262DD-96B1-46F1-99B0-9CDEC135E61D}.Debug|Any CPU.ActiveCfg = Debug|Any CPU
		{84C262DD-96B1-46F1-99B0-9CDEC135E61D}.Debug|Any CPU.Build.0 = Debug|Any CPU
		{84C262DD-96B1-46F1-99B0-9CDEC135E61D}.Release|Any CPU.ActiveCfg = Release|Any CPU
		{84C262DD-96B1-46F1-99B0-9CDEC135E61D}.Release|Any CPU.Build.0 = Release|Any CPU
		{945038D5-6C98-487F-B8F3-45BE49C53478}.Debug|Any CPU.ActiveCfg = Debug|Any CPU
		{945038D5-6C98-487F-B8F3-45BE49C53478}.Debug|Any CPU.Build.0 = Debug|Any CPU
		{945038D5-6C98-487F-B8F3-45BE49C53478}.Release|Any CPU.ActiveCfg = Release|Any CPU
		{945038D5-6C98-487F-B8F3-45BE49C53478}.Release|Any CPU.Build.0 = Release|Any CPU
	EndGlobalSection
	GlobalSection(SolutionProperties) = preSolution
		HideSolutionNode = FALSE
	EndGlobalSection
	GlobalSection(ExtensibilityGlobals) = postSolution
		SolutionGuid = {B1F6207C-1CE8-4B7C-A0AF-B681B8027DFE}
	EndGlobalSection
EndGlobal
