
Microsoft Visual Studio Solution File, Format Version 12.00
# Visual Studio Version 16
VisualStudioVersion = 16.0.29102.190
MinimumVisualStudioVersion = 10.0.40219.1
Project("{FAE04EC0-301F-11D3-BF4B-00C04F79EFBC}") = "CatalogoFlores", "CatalogoFlores\CatalogoFlores.csproj", "{4702FDBD-FD8F-4E63-8BA3-EE698706B403}"
EndProject
Project("{FAE04EC0-301F-11D3-BF4B-00C04F79EFBC}") = "InterfaceFlores", "InterfaceFlores\InterfaceFlores.csproj", "{A036FBCD-85EF-449A-A3D3-A1D67F6264DF}"
EndProject
Global
	GlobalSection(SolutionConfigurationPlatforms) = preSolution
		Debug|Any CPU = Debug|Any CPU
		Release|Any CPU = Release|Any CPU
	EndGlobalSection
	GlobalSection(ProjectConfigurationPlatforms) = postSolution
		{4702FDBD-FD8F-4E63-8BA3-EE698706B403}.Debug|Any CPU.ActiveCfg = Debug|Any CPU
		{4702FDBD-FD8F-4E63-8BA3-EE698706B403}.Debug|Any CPU.Build.0 = Debug|Any CPU
		{4702FDBD-FD8F-4E63-8BA3-EE698706B403}.Release|Any CPU.ActiveCfg = Release|Any CPU
		{4702FDBD-FD8F-4E63-8BA3-EE698706B403}.Release|Any CPU.Build.0 = Release|Any CPU
		{A036FBCD-85EF-449A-A3D3-A1D67F6264DF}.Debug|Any CPU.ActiveCfg = Debug|Any CPU
		{A036FBCD-85EF-449A-A3D3-A1D67F6264DF}.Debug|Any CPU.Build.0 = Debug|Any CPU
		{A036FBCD-85EF-449A-A3D3-A1D67F6264DF}.Release|Any CPU.ActiveCfg = Release|Any CPU
		{A036FBCD-85EF-449A-A3D3-A1D67F6264DF}.Release|Any CPU.Build.0 = Release|Any CPU
	EndGlobalSection
	GlobalSection(SolutionProperties) = preSolution
		HideSolutionNode = FALSE
	EndGlobalSection
	GlobalSection(ExtensibilityGlobals) = postSolution
		SolutionGuid = {F81EAC32-4A3C-4D46-8FF8-59AC79D68117}
	EndGlobalSection
EndGlobal
