
Microsoft Visual Studio Solution File, Format Version 12.00
# Visual Studio Version 16
VisualStudioVersion = 16.0.29418.71
MinimumVisualStudioVersion = 10.0.40219.1
Project("{FAE04EC0-301F-11D3-BF4B-00C04F79EFBC}") = "CalculoPesoObjeto", "CalculoPesoObjeto\CalculoPesoObjeto.csproj", "{7EFB760E-ECEE-437C-BFD5-B26504A69723}"
EndProject
Global
	GlobalSection(SolutionConfigurationPlatforms) = preSolution
		Debug|Any CPU = Debug|Any CPU
		Release|Any CPU = Release|Any CPU
	EndGlobalSection
	GlobalSection(ProjectConfigurationPlatforms) = postSolution
		{7EFB760E-ECEE-437C-BFD5-B26504A69723}.Debug|Any CPU.ActiveCfg = Debug|Any CPU
		{7EFB760E-ECEE-437C-BFD5-B26504A69723}.Debug|Any CPU.Build.0 = Debug|Any CPU
		{7EFB760E-ECEE-437C-BFD5-B26504A69723}.Release|Any CPU.ActiveCfg = Release|Any CPU
		{7EFB760E-ECEE-437C-BFD5-B26504A69723}.Release|Any CPU.Build.0 = Release|Any CPU
	EndGlobalSection
	GlobalSection(SolutionProperties) = preSolution
		HideSolutionNode = FALSE
	EndGlobalSection
	GlobalSection(ExtensibilityGlobals) = postSolution
		SolutionGuid = {D02D43EA-5BE7-41EA-B45C-910D1269F26C}
	EndGlobalSection
EndGlobal
