
Microsoft Visual Studio Solution File, Format Version 12.00
# Visual Studio Version 16
VisualStudioVersion = 16.0.29102.190
MinimumVisualStudioVersion = 10.0.40219.1
Project("{FAE04EC0-301F-11D3-BF4B-00C04F79EFBC}") = "ApppCide", "ApppCide\ApppCide.csproj", "{8B140C55-2846-465F-BC1C-019CE1209DF3}"
EndProject
Project("{FAE04EC0-301F-11D3-BF4B-00C04F79EFBC}") = "CicloWhile", "CicloWhile\CicloWhile.csproj", "{752AD64A-0C0B-43F0-B14A-7E3004D3F0BC}"
EndProject
Project("{FAE04EC0-301F-11D3-BF4B-00C04F79EFBC}") = "TimeNowShow", "TimeNowShow\TimeNowShow.csproj", "{DBB5A18C-6328-40DB-9401-62D63E8A3DB3}"
EndProject
Global
	GlobalSection(SolutionConfigurationPlatforms) = preSolution
		Debug|Any CPU = Debug|Any CPU
		Release|Any CPU = Release|Any CPU
	EndGlobalSection
	GlobalSection(ProjectConfigurationPlatforms) = postSolution
		{8B140C55-2846-465F-BC1C-019CE1209DF3}.Debug|Any CPU.ActiveCfg = Debug|Any CPU
		{8B140C55-2846-465F-BC1C-019CE1209DF3}.Debug|Any CPU.Build.0 = Debug|Any CPU
		{8B140C55-2846-465F-BC1C-019CE1209DF3}.Release|Any CPU.ActiveCfg = Release|Any CPU
		{8B140C55-2846-465F-BC1C-019CE1209DF3}.Release|Any CPU.Build.0 = Release|Any CPU
		{752AD64A-0C0B-43F0-B14A-7E3004D3F0BC}.Debug|Any CPU.ActiveCfg = Debug|Any CPU
		{752AD64A-0C0B-43F0-B14A-7E3004D3F0BC}.Debug|Any CPU.Build.0 = Debug|Any CPU
		{752AD64A-0C0B-43F0-B14A-7E3004D3F0BC}.Release|Any CPU.ActiveCfg = Release|Any CPU
		{752AD64A-0C0B-43F0-B14A-7E3004D3F0BC}.Release|Any CPU.Build.0 = Release|Any CPU
		{DBB5A18C-6328-40DB-9401-62D63E8A3DB3}.Debug|Any CPU.ActiveCfg = Debug|Any CPU
		{DBB5A18C-6328-40DB-9401-62D63E8A3DB3}.Debug|Any CPU.Build.0 = Debug|Any CPU
		{DBB5A18C-6328-40DB-9401-62D63E8A3DB3}.Release|Any CPU.ActiveCfg = Release|Any CPU
		{DBB5A18C-6328-40DB-9401-62D63E8A3DB3}.Release|Any CPU.Build.0 = Release|Any CPU
	EndGlobalSection
	GlobalSection(SolutionProperties) = preSolution
		HideSolutionNode = FALSE
	EndGlobalSection
	GlobalSection(ExtensibilityGlobals) = postSolution
		SolutionGuid = {488E3838-F8FB-42F2-8340-6519ED75B7BC}
	EndGlobalSection
EndGlobal
