
Microsoft Visual Studio Solution File, Format Version 12.00
# Visual Studio Version 16
VisualStudioVersion = 16.0.29306.81
MinimumVisualStudioVersion = 10.0.40219.1
Project("{FAE04EC0-301F-11D3-BF4B-00C04F79EFBC}") = "SiteImcFelipe", "SiteImcFelipe\SiteImcFelipe.csproj", "{222D0A20-6C22-4ADC-ADB5-CF18520EB002}"
EndProject
Global
	GlobalSection(SolutionConfigurationPlatforms) = preSolution
		Debug|Any CPU = Debug|Any CPU
		Release|Any CPU = Release|Any CPU
	EndGlobalSection
	GlobalSection(ProjectConfigurationPlatforms) = postSolution
		{222D0A20-6C22-4ADC-ADB5-CF18520EB002}.Debug|Any CPU.ActiveCfg = Debug|Any CPU
		{222D0A20-6C22-4ADC-ADB5-CF18520EB002}.Debug|Any CPU.Build.0 = Debug|Any CPU
		{222D0A20-6C22-4ADC-ADB5-CF18520EB002}.Release|Any CPU.ActiveCfg = Release|Any CPU
		{222D0A20-6C22-4ADC-ADB5-CF18520EB002}.Release|Any CPU.Build.0 = Release|Any CPU
	EndGlobalSection
	GlobalSection(SolutionProperties) = preSolution
		HideSolutionNode = FALSE
	EndGlobalSection
	GlobalSection(ExtensibilityGlobals) = postSolution
		SolutionGuid = {B4DA9200-B6BF-47B8-8FED-266FE43A4158}
	EndGlobalSection
EndGlobal
